
Microsoft Visual Studio Solution File, Format Version 12.00
# Visual Studio Version 17
VisualStudioVersion = 17.7.34009.444
MinimumVisualStudioVersion = 10.0.40219.1
Project("{FAE04EC0-301F-11D3-BF4B-00C04F79EFBC}") = "LuaSourceGenerator", "LuaSourceGenerator\LuaSourceGenerator.csproj", "{9018C66C-8641-42E7-B601-8D5164FC14A2}"
EndProject
Project("{9A19103F-16F7-4668-BE54-9A1E7A4F7556}") = "Bacon", "Bacon\Bacon.csproj", "{E09DEF3A-989D-4AA2-A332-576252DE5070}"
EndProject
Project("{6EC3EE1D-3C4E-46DD-8F32-0CC8E7565705}") = "FBacon", "FBacon\FBacon.fsproj", "{DCEEE6A7-A070-4C86-8891-388B9E522E94}"
EndProject
Project("{778DAE3C-4631-46EA-AA77-85C1314464D9}") = "VBacon", "VBacon\VBacon.vbproj", "{3E6C1B8B-58C2-4A32-AEF1-1BB6063D3ACE}"
EndProject
Global
	GlobalSection(SolutionConfigurationPlatforms) = preSolution
		Debug|Any CPU = Debug|Any CPU
		Release|Any CPU = Release|Any CPU
	EndGlobalSection
	GlobalSection(ProjectConfigurationPlatforms) = postSolution
		{9018C66C-8641-42E7-B601-8D5164FC14A2}.Debug|Any CPU.ActiveCfg = Debug|Any CPU
		{9018C66C-8641-42E7-B601-8D5164FC14A2}.Debug|Any CPU.Build.0 = Debug|Any CPU
		{9018C66C-8641-42E7-B601-8D5164FC14A2}.Release|Any CPU.ActiveCfg = Release|Any CPU
		{9018C66C-8641-42E7-B601-8D5164FC14A2}.Release|Any CPU.Build.0 = Release|Any CPU
		{E09DEF3A-989D-4AA2-A332-576252DE5070}.Debug|Any CPU.ActiveCfg = Debug|Any CPU
		{E09DEF3A-989D-4AA2-A332-576252DE5070}.Debug|Any CPU.Build.0 = Debug|Any CPU
		{E09DEF3A-989D-4AA2-A332-576252DE5070}.Release|Any CPU.ActiveCfg = Release|Any CPU
		{E09DEF3A-989D-4AA2-A332-576252DE5070}.Release|Any CPU.Build.0 = Release|Any CPU
		{DCEEE6A7-A070-4C86-8891-388B9E522E94}.Debug|Any CPU.ActiveCfg = Debug|Any CPU
		{DCEEE6A7-A070-4C86-8891-388B9E522E94}.Debug|Any CPU.Build.0 = Debug|Any CPU
		{DCEEE6A7-A070-4C86-8891-388B9E522E94}.Release|Any CPU.ActiveCfg = Release|Any CPU
		{DCEEE6A7-A070-4C86-8891-388B9E522E94}.Release|Any CPU.Build.0 = Release|Any CPU
		{3E6C1B8B-58C2-4A32-AEF1-1BB6063D3ACE}.Debug|Any CPU.ActiveCfg = Debug|Any CPU
		{3E6C1B8B-58C2-4A32-AEF1-1BB6063D3ACE}.Debug|Any CPU.Build.0 = Debug|Any CPU
		{3E6C1B8B-58C2-4A32-AEF1-1BB6063D3ACE}.Release|Any CPU.ActiveCfg = Release|Any CPU
		{3E6C1B8B-58C2-4A32-AEF1-1BB6063D3ACE}.Release|Any CPU.Build.0 = Release|Any CPU
	EndGlobalSection
	GlobalSection(SolutionProperties) = preSolution
		HideSolutionNode = FALSE
	EndGlobalSection
	GlobalSection(ExtensibilityGlobals) = postSolution
		SolutionGuid = {7B5F0455-050C-48C9-9647-6B79E2F98848}
	EndGlobalSection
EndGlobal
